github.com/cznic/mathutil v0.0.0-20181122101859-297441e03548 h1:iwZdTE0PVqJCos1vaoKsclOGD3ADKpshg3SRtYBbwso=
github.com/cznic/mathutil v0.0.0-20181122101859-297441e03548/go.mod h1:e6NPNENfs9mPDVNRekM7lKScauxd5kXTr1Mfyig6TDM=
github.com/cznic/sortutil v0.0.0-20181122101858-f5f958428db8 h1:LpMLYGyy67BoAFGda1NeOBQwqlv7nUXpm+rIVHGxZZ4=
github.com/cznic/sortutil v0.0.0-20181122101858-f5f958428db8/go.mod h1:q2w6Bg5jeox1B+QkJ6Wp/+Vn0G/bo3f1uY7Fn3vivIQ=
github.com/docopt/docopt.go v0.0.0-20180111231733-ee0de3bc6815 h1:HMAfwOa33y82IaQEKQDfUCiwNlxtM1iw7HLM9ru0RNc=
github.com/docopt/docopt.go v0.0.0-20180111231733-ee0de3bc6815/go.mod h1:l7JNRynTRuqe45tpIyItHNqZWTxywYjp87MWTOnU5cg=
github.com/hanzou666/go-bdg v0.0.0-20200606150645-31890dc8a82e h1:E5bF2XHWM7okg6m1RihbwCAKPhm1yDK39P5B/RfUb/I=
github.com/hanzou666/go-bdg v0.0.0-20200606150645-31890dc8a82e/go.mod h1:Sv5TRJEiyAFbX1aNMRLJKenWxjjDb4CRj3wt+pjmKMY=
github.com/klauspost/compress v1.10.3 h1:OP96hzwJVBIHYU52pVTI6CczrxPvrGfgqF9N5eTO0Q8=
github.com/klauspost/compress v1.10.3/go.mod h1:aoV0uJVorq1K+umq18yTdKaF57EivdYsUV+/s2qKfXs=
github.com/klauspost/pgzip v1.2.3 h1:Ce2to9wvs/cuJ2b86/CKQoTYr9VHfpanYosZ0UBJqdw=
github.com/klauspost/pgzip v1.2.3/go.mod h1:Ch1tH69qFZu15pkjo5kYi6mth2Zzwzt50oCQKQE9RUs=
github.com/kr/pretty v0.2.0 h1:s5hAObm+yFO5uHYt5dYjxi2rXrsnmRpJx4OYvIWUaQs=
github.com/kr/pretty v0.2.0/go.mod h1:ipq/a2n7PKx3OHsz4KJII5eveXtPO4qwEXGdVfWzfnI=
github.com/kr/pty v1.1.1/go.mod h1:pFQYn66WHrOpPYNljwOMqo10TkYh1fy3cYio2l3bCsQ=
github.com/kr/text v0.1.0 h1:45sCR5RtlFHMR4UwH9sdQ5TC8v0qDQCHnXt+kaKSTVE=
github.com/kr/text v0.1.0/go.mod h1:4Jbv+DJW3UT/LiOwJeYQe1efqtUx/iVham/4vfdArNI=
github.com/remyoudompheng/bigfft v0.0.0-20200410134404-eec4a21b6bb0 h1:OdAsTTz6OkFY5QxjkYwrChwuRruF69c169dPK26NUlk=
github.com/remyoudompheng/bigfft v0.0.0-20200410134404-eec4a21b6bb0/go.mod h1:qqbHyh8v60DhA7CoWK5oRCqLrMHRGoxYCSS9EjAz6Eo=
github.com/shenwei356/bio v0.0.0-20200221152329-23abb30d7f0f h1:3hokgk3w1FKx4h9xdPjGkOHJh+9YGC6TvMT0dqYB0y4=
github.com/shenwei356/bio v0.0.0-20200221152329-23abb30d7f0f/go.mod h1:tKIebGVfqYwgLIoXohkLiQO685B2d3l9vTf1cjRZaVk=
github.com/shenwei356/bpool v0.0.0-20160710042833-f9e0ee4d0403 h1:/3JklLnHXiWUBxWc3joQYavDQJpncRhRA909cUb7eOw=
github.com/shenwei356/bpool v0.0.0-20160710042833-f9e0ee4d0403/go.mod h1:YkgdTWfNnJgv5HVJbVSDmxQtkK3/jZWDoqcG26BVU8k=
github.com/shenwei356/util v0.0.0-20190523143900-f71ff373860c h1:QzUSl2qAx7JrPwSDvL3A4AOfF3mebJMsBIjhQBCkUqo=
github.com/shenwei356/util v0.0.0-20190523143900-f71ff373860c/go.mod h1:n3qhc3bQzlqJ2/5v79hgl0Gd3WzJOkI8XcUix25Brdg=
github.com/shenwei356/xopen v0.0.0-20181203091311-f4f16ddd3992 h1:RXEEyKj0JL3SrRIYsWIEyy4AwjHbI3I8aDGK6CA4+YI=
github.com/shenwei356/xopen v0.0.0-20181203091311-f4f16ddd3992/go.mod h1:6EQUa6I7Zsl2GQKqcL9qGLrTzVE+oZyly+uhzovQYSk=
gopkg.in/check.v1 v1.0.0-20190902080502-41f04d3bba15 h1:YR8cESwS4TdDjEe65xsg0ogRM/Nc3DYOhEAlW+xobZo=
gopkg.in/check.v1 v1.0.0-20190902080502-41f04d3bba15/go.mod h1:Co6ibVJAznAaIkqp8huTwlJQCZ016jof/cbN4VW5Yz0=
